// !$*UTF8*$!
{
	archiveVersion = 1;
	classes = {
	};
	objectVersion = 52;
	objects = {

/* Begin PBXBuildFile section */
		BC89D8DD250CC077001A82F9 /* FirestoreManager.swift in Sources */ = {isa = PBXBuildFile; fileRef = BC89D8DC250CC077001A82F9 /* FirestoreManager.swift */; };
		BC89D8E0250CC0AF001A82F9 /* Const.swift in Sources */ = {isa = PBXBuildFile; fileRef = BC89D8DF250CC0AF001A82F9 /* Const.swift */; };
		BC89D8E2250CC5FA001A82F9 /* FirestoreDBVersion.swift in Sources */ = {isa = PBXBuildFile; fileRef = BC89D8E1250CC5FA001A82F9 /* FirestoreDBVersion.swift */; };
		BC94F71F250C9AF000D7CD31 /* FirebaseFirestoreSwift in Frameworks */ = {isa = PBXBuildFile; productRef = BC94F71E250C9AF000D7CD31 /* FirebaseFirestoreSwift */; };
		BC94F721250C9AF000D7CD31 /* FirebaseAuth in Frameworks */ = {isa = PBXBuildFile; productRef = BC94F720250C9AF000D7CD31 /* FirebaseAuth */; };
		BC94F723250C9AF000D7CD31 /* FirebaseFirestore in Frameworks */ = {isa = PBXBuildFile; productRef = BC94F722250C9AF000D7CD31 /* FirebaseFirestore */; };
		BC94F725250C9AF000D7CD31 /* FirebaseCore in Frameworks */ = {isa = PBXBuildFile; productRef = BC94F724250C9AF000D7CD31 /* FirebaseCore */; };
		BC94F727250C9C1500D7CD31 /* GoogleService-Info.plist in Resources */ = {isa = PBXBuildFile; fileRef = BC94F726250C9C1500D7CD31 /* GoogleService-Info.plist */; };
		BC94F72D250CA30F00D7CD31 /* RxSwift in Frameworks */ = {isa = PBXBuildFile; productRef = BC94F72C250CA30F00D7CD31 /* RxSwift */; };
		BC94F731250CA30F00D7CD31 /* RxRelay in Frameworks */ = {isa = PBXBuildFile; productRef = BC94F730250CA30F00D7CD31 /* RxRelay */; };
		BC94F733250CA30F00D7CD31 /* RxCocoa in Frameworks */ = {isa = PBXBuildFile; productRef = BC94F732250CA30F00D7CD31 /* RxCocoa */; };
		BC94F735250CA30F00D7CD31 /* RxBlocking in Frameworks */ = {isa = PBXBuildFile; productRef = BC94F734250CA30F00D7CD31 /* RxBlocking */; };
		BC94F737250CA9D300D7CD31 /* MonthlyDiaryStorage.swift in Sources */ = {isa = PBXBuildFile; fileRef = BC94F736250CA9D300D7CD31 /* MonthlyDiaryStorage.swift */; };
		BC94F739250CAAA100D7CD31 /* MonthID.swift in Sources */ = {isa = PBXBuildFile; fileRef = BC94F738250CAAA100D7CD31 /* MonthID.swift */; };
		BC94F73E250CACCA00D7CD31 /* AuthManager.swift in Sources */ = {isa = PBXBuildFile; fileRef = BC94F73D250CACCA00D7CD31 /* AuthManager.swift */; };
		BCA6FE76250C96C400F6E74E /* AppDelegate.swift in Sources */ = {isa = PBXBuildFile; fileRef = BCA6FE75250C96C400F6E74E /* AppDelegate.swift */; };
		BCA6FE78250C96C400F6E74E /* SceneDelegate.swift in Sources */ = {isa = PBXBuildFile; fileRef = BCA6FE77250C96C400F6E74E /* SceneDelegate.swift */; };
		BCA6FE7A250C96C400F6E74E /* ContentView.swift in Sources */ = {isa = PBXBuildFile; fileRef = BCA6FE79250C96C400F6E74E /* ContentView.swift */; };
		BCA6FE7C250C96C500F6E74E /* Assets.xcassets in Resources */ = {isa = PBXBuildFile; fileRef = BCA6FE7B250C96C500F6E74E /* Assets.xcassets */; };
		BCA6FE7F250C96C500F6E74E /* Preview Assets.xcassets in Resources */ = {isa = PBXBuildFile; fileRef = BCA6FE7E250C96C500F6E74E /* Preview Assets.xcassets */; };
		BCA6FE82250C96C500F6E74E /* LaunchScreen.storyboard in Resources */ = {isa = PBXBuildFile; fileRef = BCA6FE80250C96C500F6E74E /* LaunchScreen.storyboard */; };
/* End PBXBuildFile section */

/* Begin PBXFileReference section */
		BC89D8DC250CC077001A82F9 /* FirestoreManager.swift */ = {isa = PBXFileReference; lastKnownFileType = sourcecode.swift; path = FirestoreManager.swift; sourceTree = "<group>"; };
		BC89D8DF250CC0AF001A82F9 /* Const.swift */ = {isa = PBXFileReference; lastKnownFileType = sourcecode.swift; path = Const.swift; sourceTree = "<group>"; };
		BC89D8E1250CC5FA001A82F9 /* FirestoreDBVersion.swift */ = {isa = PBXFileReference; lastKnownFileType = sourcecode.swift; path = FirestoreDBVersion.swift; sourceTree = "<group>"; };
		BC89D8E3250CC907001A82F9 /* README.md */ = {isa = PBXFileReference; lastKnownFileType = net.daringfireball.markdown; path = README.md; sourceTree = "<group>"; };
		BC94F726250C9C1500D7CD31 /* GoogleService-Info.plist */ = {isa = PBXFileReference; fileEncoding = 4; lastKnownFileType = text.plist.xml; path = "GoogleService-Info.plist"; sourceTree = "<group>"; };
		BC94F736250CA9D300D7CD31 /* MonthlyDiaryStorage.swift */ = {isa = PBXFileReference; lastKnownFileType = sourcecode.swift; path = MonthlyDiaryStorage.swift; sourceTree = "<group>"; };
		BC94F738250CAAA100D7CD31 /* MonthID.swift */ = {isa = PBXFileReference; lastKnownFileType = sourcecode.swift; path = MonthID.swift; sourceTree = "<group>"; };
		BC94F73D250CACCA00D7CD31 /* AuthManager.swift */ = {isa = PBXFileReference; lastKnownFileType = sourcecode.swift; path = AuthManager.swift; sourceTree = "<group>"; };
		BCA6FE72250C96C400F6E74E /* GomiMemo.app */ = {isa = PBXFileReference; explicitFileType = wrapper.application; includeInIndex = 0; path = GomiMemo.app; sourceTree = BUILT_PRODUCTS_DIR; };
		BCA6FE75250C96C400F6E74E /* AppDelegate.swift */ = {isa = PBXFileReference; lastKnownFileType = sourcecode.swift; path = AppDelegate.swift; sourceTree = "<group>"; };
		BCA6FE77250C96C400F6E74E /* SceneDelegate.swift */ = {isa = PBXFileReference; lastKnownFileType = sourcecode.swift; path = SceneDelegate.swift; sourceTree = "<group>"; };
		BCA6FE79250C96C400F6E74E /* ContentView.swift */ = {isa = PBXFileReference; lastKnownFileType = sourcecode.swift; path = ContentView.swift; sourceTree = "<group>"; };
		BCA6FE7B250C96C500F6E74E /* Assets.xcassets */ = {isa = PBXFileReference; lastKnownFileType = folder.assetcatalog; path = Assets.xcassets; sourceTree = "<group>"; };
		BCA6FE7E250C96C500F6E74E /* Preview Assets.xcassets */ = {isa = PBXFileReference; lastKnownFileType = folder.assetcatalog; path = "Preview Assets.xcassets"; sourceTree = "<group>"; };
		BCA6FE81250C96C500F6E74E /* Base */ = {isa = PBXFileReference; lastKnownFileType = file.storyboard; name = Base; path = Base.lproj/LaunchScreen.storyboard; sourceTree = "<group>"; };
		BCA6FE83250C96C500F6E74E /* Info.plist */ = {isa = PBXFileReference; lastKnownFileType = text.plist.xml; path = Info.plist; sourceTree = "<group>"; };
/* End PBXFileReference section */

/* Begin PBXFrameworksBuildPhase section */
		BCA6FE6F250C96C400F6E74E /* Frameworks */ = {
			isa = PBXFrameworksBuildPhase;
			buildActionMask = 2147483647;
			files = (
				BC94F71F250C9AF000D7CD31 /* FirebaseFirestoreSwift in Frameworks */,
				BC94F735250CA30F00D7CD31 /* RxBlocking in Frameworks */,
				BC94F721250C9AF000D7CD31 /* FirebaseAuth in Frameworks */,
				BC94F731250CA30F00D7CD31 /* RxRelay in Frameworks */,
				BC94F72D250CA30F00D7CD31 /* RxSwift in Frameworks */,
				BC94F725250C9AF000D7CD31 /* FirebaseCore in Frameworks */,
				BC94F733250CA30F00D7CD31 /* RxCocoa in Frameworks */,
				BC94F723250C9AF000D7CD31 /* FirebaseFirestore in Frameworks */,
			);
			runOnlyForDeploymentPostprocessing = 0;
		};
/* End PBXFrameworksBuildPhase section */

/* Begin PBXGroup section */
		BC89D8D9250CC010001A82F9 /* Firestore */ = {
			isa = PBXGroup;
			children = (
				BC89D8E1250CC5FA001A82F9 /* FirestoreDBVersion.swift */,
				BC89D8DC250CC077001A82F9 /* FirestoreManager.swift */,
				BC94F728250C9E5600D7CD31 /* MonthlyDiaryStorage */,
			);
			path = Firestore;
			sourceTree = "<group>";
		};
		BC89D8DE250CC0A6001A82F9 /* Const */ = {
			isa = PBXGroup;
			children = (
				BC89D8DF250CC0AF001A82F9 /* Const.swift */,
			);
			path = Const;
			sourceTree = "<group>";
		};
		BC94F728250C9E5600D7CD31 /* MonthlyDiaryStorage */ = {
			isa = PBXGroup;
			children = (
				BC94F736250CA9D300D7CD31 /* MonthlyDiaryStorage.swift */,
				BC94F738250CAAA100D7CD31 /* MonthID.swift */,
			);
			path = MonthlyDiaryStorage;
			sourceTree = "<group>";
		};
		BC94F73C250CACB800D7CD31 /* Auth */ = {
			isa = PBXGroup;
			children = (
				BC94F73D250CACCA00D7CD31 /* AuthManager.swift */,
			);
			path = Auth;
			sourceTree = "<group>";
		};
		BCA6FE69250C96C400F6E74E = {
			isa = PBXGroup;
			children = (
				BC89D8E3250CC907001A82F9 /* README.md */,
				BCA6FE74250C96C400F6E74E /* GomiMemo */,
				BCA6FE73250C96C400F6E74E /* Products */,
			);
			sourceTree = "<group>";
		};
		BCA6FE73250C96C400F6E74E /* Products */ = {
			isa = PBXGroup;
			children = (
				BCA6FE72250C96C400F6E74E /* GomiMemo.app */,
			);
			name = Products;
			sourceTree = "<group>";
		};
		BCA6FE74250C96C400F6E74E /* GomiMemo */ = {
			isa = PBXGroup;
			children = (
				BC89D8DE250CC0A6001A82F9 /* Const */,
				BC89D8D9250CC010001A82F9 /* Firestore */,
				BC94F73C250CACB800D7CD31 /* Auth */,
				BCA6FE75250C96C400F6E74E /* AppDelegate.swift */,
				BCA6FE77250C96C400F6E74E /* SceneDelegate.swift */,
				BCA6FE79250C96C400F6E74E /* ContentView.swift */,
				BCA6FE7B250C96C500F6E74E /* Assets.xcassets */,
				BCA6FE80250C96C500F6E74E /* LaunchScreen.storyboard */,
				BCA6FE83250C96C500F6E74E /* Info.plist */,
				BC94F726250C9C1500D7CD31 /* GoogleService-Info.plist */,
				BCA6FE7D250C96C500F6E74E /* Preview Content */,
			);
			path = GomiMemo;
			sourceTree = "<group>";
		};
		BCA6FE7D250C96C500F6E74E /* Preview Content */ = {
			isa = PBXGroup;
			children = (
				BCA6FE7E250C96C500F6E74E /* Preview Assets.xcassets */,
			);
			path = "Preview Content";
			sourceTree = "<group>";
		};
/* End PBXGroup section */

/* Begin PBXNativeTarget section */
		BCA6FE71250C96C400F6E74E /* GomiMemo */ = {
			isa = PBXNativeTarget;
			buildConfigurationList = BCA6FE86250C96C500F6E74E /* Build configuration list for PBXNativeTarget "GomiMemo" */;
			buildPhases = (
				BCA6FE6E250C96C400F6E74E /* Sources */,
				BCA6FE6F250C96C400F6E74E /* Frameworks */,
				BCA6FE70250C96C400F6E74E /* Resources */,
			);
			buildRules = (
			);
			dependencies = (
			);
			name = GomiMemo;
			packageProductDependencies = (
				BC94F71E250C9AF000D7CD31 /* FirebaseFirestoreSwift */,
				BC94F720250C9AF000D7CD31 /* FirebaseAuth */,
				BC94F722250C9AF000D7CD31 /* FirebaseFirestore */,
				BC94F724250C9AF000D7CD31 /* FirebaseCore */,
				BC94F72C250CA30F00D7CD31 /* RxSwift */,
				BC94F730250CA30F00D7CD31 /* RxRelay */,
				BC94F732250CA30F00D7CD31 /* RxCocoa */,
				BC94F734250CA30F00D7CD31 /* RxBlocking */,
			);
			productName = GomiMemo;
			productReference = BCA6FE72250C96C400F6E74E /* GomiMemo.app */;
			productType = "com.apple.product-type.application";
		};
/* End PBXNativeTarget section */

/* Begin PBXProject section */
		BCA6FE6A250C96C400F6E74E /* Project object */ = {
			isa = PBXProject;
			attributes = {
				LastSwiftUpdateCheck = 1170;
				LastUpgradeCheck = 1170;
				ORGANIZATIONNAME = TakuyaOkamoto;
				TargetAttributes = {
					BCA6FE71250C96C400F6E74E = {
						CreatedOnToolsVersion = 11.7;
					};
				};
			};
			buildConfigurationList = BCA6FE6D250C96C400F6E74E /* Build configuration list for PBXProject "GomiMemo" */;
			compatibilityVersion = "Xcode 9.3";
			developmentRegion = en;
			hasScannedForEncodings = 0;
			knownRegions = (
				en,
				Base,
			);
			mainGroup = BCA6FE69250C96C400F6E74E;
			packageReferences = (
				BC94F71D250C9AF000D7CD31 /* XCRemoteSwiftPackageReference "firebase-ios-sdk" */,
				BC94F72B250CA30E00D7CD31 /* XCRemoteSwiftPackageReference "RxSwift" */,
			);
			productRefGroup = BCA6FE73250C96C400F6E74E /* Products */;
			projectDirPath = "";
			projectRoot = "";
			targets = (
				BCA6FE71250C96C400F6E74E /* GomiMemo */,
			);
		};
/* End PBXProject section */

/* Begin PBXResourcesBuildPhase section */
		BCA6FE70250C96C400F6E74E /* Resources */ = {
			isa = PBXResourcesBuildPhase;
			buildActionMask = 2147483647;
			files = (
				BCA6FE82250C96C500F6E74E /* LaunchScreen.storyboard in Resources */,
				BC94F727250C9C1500D7CD31 /* GoogleService-Info.plist in Resources */,
				BCA6FE7F250C96C500F6E74E /* Preview Assets.xcassets in Resources */,
				BCA6FE7C250C96C500F6E74E /* Assets.xcassets in Resources */,
			);
			runOnlyForDeploymentPostprocessing = 0;
		};
/* End PBXResourcesBuildPhase section */

/* Begin PBXSourcesBuildPhase section */
		BCA6FE6E250C96C400F6E74E /* Sources */ = {
			isa = PBXSourcesBuildPhase;
			buildActionMask = 2147483647;
			files = (
				BCA6FE76250C96C400F6E74E /* AppDelegate.swift in Sources */,
				BCA6FE78250C96C400F6E74E /* SceneDelegate.swift in Sources */,
				BC89D8E2250CC5FA001A82F9 /* FirestoreDBVersion.swift in Sources */,
				BC94F737250CA9D300D7CD31 /* MonthlyDiaryStorage.swift in Sources */,
				BCA6FE7A250C96C400F6E74E /* ContentView.swift in Sources */,
				BC94F739250CAAA100D7CD31 /* MonthID.swift in Sources */,
				BC94F73E250CACCA00D7CD31 /* AuthManager.swift in Sources */,
				BC89D8DD250CC077001A82F9 /* FirestoreManager.swift in Sources */,
				BC89D8E0250CC0AF001A82F9 /* Const.swift in Sources */,
			);
			runOnlyForDeploymentPostprocessing = 0;
		};
/* End PBXSourcesBuildPhase section */

/* Begin PBXVariantGroup section */
		BCA6FE80250C96C500F6E74E /* LaunchScreen.storyboard */ = {
			isa = PBXVariantGroup;
			children = (
				BCA6FE81250C96C500F6E74E /* Base */,
			);
			name = LaunchScreen.storyboard;
			sourceTree = "<group>";
		};
/* End PBXVariantGroup section */

/* Begin XCBuildConfiguration section */
		BCA6FE84250C96C500F6E74E /* Debug */ = {
			isa = XCBuildConfiguration;
			buildSettings = {
				ALWAYS_SEARCH_USER_PATHS = NO;
				CLANG_ANALYZER_NONNULL = YES;
				CLANG_ANALYZER_NUMBER_OBJECT_CONVERSION = YES_AGGRESSIVE;
				CLANG_CXX_LANGUAGE_STANDARD = "gnu++14";
				CLANG_CXX_LIBRARY = "libc++";
				CLANG_ENABLE_MODULES = YES;
				CLANG_ENABLE_OBJC_ARC = YES;
				CLANG_ENABLE_OBJC_WEAK = YES;
				CLANG_WARN_BLOCK_CAPTURE_AUTORELEASING = YES;
				CLANG_WARN_BOOL_CONVERSION = YES;
				CLANG_WARN_COMMA = YES;
				CLANG_WARN_CONSTANT_CONVERSION = YES;
				CLANG_WARN_DEPRECATED_OBJC_IMPLEMENTATIONS = YES;
				CLANG_WARN_DIRECT_OBJC_ISA_USAGE = YES_ERROR;
				CLANG_WARN_DOCUMENTATION_COMMENTS = YES;
				CLANG_WARN_EMPTY_BODY = YES;
				CLANG_WARN_ENUM_CONVERSION = YES;
				CLANG_WARN_INFINITE_RECURSION = YES;
				CLANG_WARN_INT_CONVERSION = YES;
				CLANG_WARN_NON_LITERAL_NULL_CONVERSION = YES;
				CLANG_WARN_OBJC_IMPLICIT_RETAIN_SELF = YES;
				CLANG_WARN_OBJC_LITERAL_CONVERSION = YES;
				CLANG_WARN_OBJC_ROOT_CLASS = YES_ERROR;
				CLANG_WARN_RANGE_LOOP_ANALYSIS = YES;
				CLANG_WARN_STRICT_PROTOTYPES = YES;
				CLANG_WARN_SUSPICIOUS_MOVE = YES;
				CLANG_WARN_UNGUARDED_AVAILABILITY = YES_AGGRESSIVE;
				CLANG_WARN_UNREACHABLE_CODE = YES;
				CLANG_WARN__DUPLICATE_METHOD_MATCH = YES;
				COPY_PHASE_STRIP = NO;
				DEBUG_INFORMATION_FORMAT = dwarf;
				ENABLE_STRICT_OBJC_MSGSEND = YES;
				ENABLE_TESTABILITY = YES;
				GCC_C_LANGUAGE_STANDARD = gnu11;
				GCC_DYNAMIC_NO_PIC = NO;
				GCC_NO_COMMON_BLOCKS = YES;
				GCC_OPTIMIZATION_LEVEL = 0;
				GCC_PREPROCESSOR_DEFINITIONS = (
					"DEBUG=1",
					"$(inherited)",
				);
				GCC_WARN_64_TO_32_BIT_CONVERSION = YES;
				GCC_WARN_ABOUT_RETURN_TYPE = YES_ERROR;
				GCC_WARN_UNDECLARED_SELECTOR = YES;
				GCC_WARN_UNINITIALIZED_AUTOS = YES_AGGRESSIVE;
				GCC_WARN_UNUSED_FUNCTION = YES;
				GCC_WARN_UNUSED_VARIABLE = YES;
				IPHONEOS_DEPLOYMENT_TARGET = 13.0;
				MTL_ENABLE_DEBUG_INFO = INCLUDE_SOURCE;
				MTL_FAST_MATH = YES;
				ONLY_ACTIVE_ARCH = YES;
				SDKROOT = iphoneos;
				SWIFT_ACTIVE_COMPILATION_CONDITIONS = DEBUG;
				SWIFT_OPTIMIZATION_LEVEL = "-Onone";
				SWIFT_VERSION = 5.0;
			};
			name = Debug;
		};
		BCA6FE85250C96C500F6E74E /* Release */ = {
			isa = XCBuildConfiguration;
			buildSettings = {
				ALWAYS_SEARCH_USER_PATHS = NO;
				CLANG_ANALYZER_NONNULL = YES;
				CLANG_ANALYZER_NUMBER_OBJECT_CONVERSION = YES_AGGRESSIVE;
				CLANG_CXX_LANGUAGE_STANDARD = "gnu++14";
				CLANG_CXX_LIBRARY = "libc++";
				CLANG_ENABLE_MODULES = YES;
				CLANG_ENABLE_OBJC_ARC = YES;
				CLANG_ENABLE_OBJC_WEAK = YES;
				CLANG_WARN_BLOCK_CAPTURE_AUTORELEASING = YES;
				CLANG_WARN_BOOL_CONVERSION = YES;
				CLANG_WARN_COMMA = YES;
				CLANG_WARN_CONSTANT_CONVERSION = YES;
				CLANG_WARN_DEPRECATED_OBJC_IMPLEMENTATIONS = YES;
				CLANG_WARN_DIRECT_OBJC_ISA_USAGE = YES_ERROR;
				CLANG_WARN_DOCUMENTATION_COMMENTS = YES;
				CLANG_WARN_EMPTY_BODY = YES;
				CLANG_WARN_ENUM_CONVERSION = YES;
				CLANG_WARN_INFINITE_RECURSION = YES;
				CLANG_WARN_INT_CONVERSION = YES;
				CLANG_WARN_NON_LITERAL_NULL_CONVERSION = YES;
				CLANG_WARN_OBJC_IMPLICIT_RETAIN_SELF = YES;
				CLANG_WARN_OBJC_LITERAL_CONVERSION = YES;
				CLANG_WARN_OBJC_ROOT_CLASS = YES_ERROR;
				CLANG_WARN_RANGE_LOOP_ANALYSIS = YES;
				CLANG_WARN_STRICT_PROTOTYPES = YES;
				CLANG_WARN_SUSPICIOUS_MOVE = YES;
				CLANG_WARN_UNGUARDED_AVAILABILITY = YES_AGGRESSIVE;
				CLANG_WARN_UNREACHABLE_CODE = YES;
				CLANG_WARN__DUPLICATE_METHOD_MATCH = YES;
				COPY_PHASE_STRIP = NO;
				DEBUG_INFORMATION_FORMAT = "dwarf-with-dsym";
				ENABLE_NS_ASSERTIONS = NO;
				ENABLE_STRICT_OBJC_MSGSEND = YES;
				GCC_C_LANGUAGE_STANDARD = gnu11;
				GCC_NO_COMMON_BLOCKS = YES;
				GCC_WARN_64_TO_32_BIT_CONVERSION = YES;
				GCC_WARN_ABOUT_RETURN_TYPE = YES_ERROR;
				GCC_WARN_UNDECLARED_SELECTOR = YES;
				GCC_WARN_UNINITIALIZED_AUTOS = YES_AGGRESSIVE;
				GCC_WARN_UNUSED_FUNCTION = YES;
				GCC_WARN_UNUSED_VARIABLE = YES;
				IPHONEOS_DEPLOYMENT_TARGET = 13.0;
				MTL_ENABLE_DEBUG_INFO = NO;
				MTL_FAST_MATH = YES;
				SDKROOT = iphoneos;
				SWIFT_COMPILATION_MODE = wholemodule;
				SWIFT_OPTIMIZATION_LEVEL = "-O";
				SWIFT_VERSION = 5.0;
				VALIDATE_PRODUCT = YES;
			};
			name = Release;
		};
		BCA6FE87250C96C500F6E74E /* Debug */ = {
			isa = XCBuildConfiguration;
			buildSettings = {
				ASSETCATALOG_COMPILER_APPICON_NAME = AppIcon;
				CODE_SIGN_STYLE = Automatic;
				DEVELOPMENT_ASSET_PATHS = "\"GomiMemo/Preview Content\"";
				DEVELOPMENT_TEAM = 6N9U78BNZR;
				ENABLE_PREVIEWS = YES;
				INFOPLIST_FILE = GomiMemo/Info.plist;
				LD_RUNPATH_SEARCH_PATHS = (
					"$(inherited)",
					"@executable_path/Frameworks",
				);
				PRODUCT_BUNDLE_IDENTIFIER = TakuyaOkamoto.GomiMemo;
				PRODUCT_NAME = "$(TARGET_NAME)";
				SWIFT_VERSION = 5.0;
				TARGETED_DEVICE_FAMILY = "1,2";
			};
			name = Debug;
		};
		BCA6FE88250C96C500F6E74E /* Release */ = {
			isa = XCBuildConfiguration;
			buildSettings = {
				ASSETCATALOG_COMPILER_APPICON_NAME = AppIcon;
				CODE_SIGN_STYLE = Automatic;
				DEVELOPMENT_ASSET_PATHS = "\"GomiMemo/Preview Content\"";
				DEVELOPMENT_TEAM = 6N9U78BNZR;
				ENABLE_PREVIEWS = YES;
				INFOPLIST_FILE = GomiMemo/Info.plist;
				LD_RUNPATH_SEARCH_PATHS = (
					"$(inherited)",
					"@executable_path/Frameworks",
				);
				PRODUCT_BUNDLE_IDENTIFIER = TakuyaOkamoto.GomiMemo;
				PRODUCT_NAME = "$(TARGET_NAME)";
				SWIFT_VERSION = 5.0;
				TARGETED_DEVICE_FAMILY = "1,2";
			};
			name = Release;
		};
/* End XCBuildConfiguration section */

/* Begin XCConfigurationList section */
		BCA6FE6D250C96C400F6E74E /* Build configuration list for PBXProject "GomiMemo" */ = {
			isa = XCConfigurationList;
			buildConfigurations = (
				BCA6FE84250C96C500F6E74E /* Debug */,
				BCA6FE85250C96C500F6E74E /* Release */,
			);
			defaultConfigurationIsVisible = 0;
			defaultConfigurationName = Release;
		};
		BCA6FE86250C96C500F6E74E /* Build configuration list for PBXNativeTarget "GomiMemo" */ = {
			isa = XCConfigurationList;
			buildConfigurations = (
				BCA6FE87250C96C500F6E74E /* Debug */,
				BCA6FE88250C96C500F6E74E /* Release */,
			);
			defaultConfigurationIsVisible = 0;
			defaultConfigurationName = Release;
		};
/* End XCConfigurationList section */

/* Begin XCRemoteSwiftPackageReference section */
		BC94F71D250C9AF000D7CD31 /* XCRemoteSwiftPackageReference "firebase-ios-sdk" */ = {
			isa = XCRemoteSwiftPackageReference;
			repositoryURL = "https://github.com/firebase/firebase-ios-sdk";
			requirement = {
				branch = "6.31-spm-beta";
				kind = branch;
			};
		};
		BC94F72B250CA30E00D7CD31 /* XCRemoteSwiftPackageReference "RxSwift" */ = {
			isa = XCRemoteSwiftPackageReference;
			repositoryURL = "https://github.com/ReactiveX/RxSwift";
			requirement = {
				kind = upToNextMajorVersion;
				minimumVersion = 5.1.1;
			};
		};
/* End XCRemoteSwiftPackageReference section */

/* Begin XCSwiftPackageProductDependency section */
		BC94F71E250C9AF000D7CD31 /* FirebaseFirestoreSwift */ = {
			isa = XCSwiftPackageProductDependency;
			package = BC94F71D250C9AF000D7CD31 /* XCRemoteSwiftPackageReference "firebase-ios-sdk" */;
			productName = FirebaseFirestoreSwift;
		};
		BC94F720250C9AF000D7CD31 /* FirebaseAuth */ = {
			isa = XCSwiftPackageProductDependency;
			package = BC94F71D250C9AF000D7CD31 /* XCRemoteSwiftPackageReference "firebase-ios-sdk" */;
			productName = FirebaseAuth;
		};
		BC94F722250C9AF000D7CD31 /* FirebaseFirestore */ = {
			isa = XCSwiftPackageProductDependency;
			package = BC94F71D250C9AF000D7CD31 /* XCRemoteSwiftPackageReference "firebase-ios-sdk" */;
			productName = FirebaseFirestore;
		};
		BC94F724250C9AF000D7CD31 /* FirebaseCore */ = {
			isa = XCSwiftPackageProductDependency;
			package = BC94F71D250C9AF000D7CD31 /* XCRemoteSwiftPackageReference "firebase-ios-sdk" */;
			productName = FirebaseCore;
		};
		BC94F72C250CA30F00D7CD31 /* RxSwift */ = {
			isa = XCSwiftPackageProductDependency;
			package = BC94F72B250CA30E00D7CD31 /* XCRemoteSwiftPackageReference "RxSwift" */;
			productName = RxSwift;
		};
		BC94F730250CA30F00D7CD31 /* RxRelay */ = {
			isa = XCSwiftPackageProductDependency;
			package = BC94F72B250CA30E00D7CD31 /* XCRemoteSwiftPackageReference "RxSwift" */;
			productName = RxRelay;
		};
		BC94F732250CA30F00D7CD31 /* RxCocoa */ = {
			isa = XCSwiftPackageProductDependency;
			package = BC94F72B250CA30E00D7CD31 /* XCRemoteSwiftPackageReference "RxSwift" */;
			productName = RxCocoa;
		};
		BC94F734250CA30F00D7CD31 /* RxBlocking */ = {
			isa = XCSwiftPackageProductDependency;
			package = BC94F72B250CA30E00D7CD31 /* XCRemoteSwiftPackageReference "RxSwift" */;
			productName = RxBlocking;
		};
/* End XCSwiftPackageProductDependency section */
	};
	rootObject = BCA6FE6A250C96C400F6E74E /* Project object */;
}
